// !$*UTF8*$!
{
	archiveVersion = 1;
	classes = {
	};
	objectVersion = 46;
	objects = {

/* Begin PBXBuildFile section */
		CC4E803D188AA1210091FAD6 /* HTTPClient.m in Sources */ = {isa = PBXBuildFile; fileRef = CC4E803C188AA1210091FAD6 /* HTTPClient.m */; };
		CC4E8040188AA70B0091FAD6 /* NewTableCell.m in Sources */ = {isa = PBXBuildFile; fileRef = CC4E803F188AA70B0091FAD6 /* NewTableCell.m */; };
		CC617FAA188A739100370F27 /* Foundation.framework in Frameworks */ = {isa = PBXBuildFile; fileRef = CC617FA9188A739100370F27 /* Foundation.framework */; };
		CC617FAC188A739100370F27 /* CoreGraphics.framework in Frameworks */ = {isa = PBXBuildFile; fileRef = CC617FAB188A739100370F27 /* CoreGraphics.framework */; };
		CC617FAE188A739200370F27 /* UIKit.framework in Frameworks */ = {isa = PBXBuildFile; fileRef = CC617FAD188A739200370F27 /* UIKit.framework */; };
		CC617FB4188A739200370F27 /* InfoPlist.strings in Resources */ = {isa = PBXBuildFile; fileRef = CC617FB2188A739200370F27 /* InfoPlist.strings */; };
		CC617FB6188A739200370F27 /* main.m in Sources */ = {isa = PBXBuildFile; fileRef = CC617FB5188A739200370F27 /* main.m */; };
		CC617FBA188A739200370F27 /* AppDelegate.m in Sources */ = {isa = PBXBuildFile; fileRef = CC617FB9188A739200370F27 /* AppDelegate.m */; };
		CC617FBD188A739200370F27 /* Main.storyboard in Resources */ = {isa = PBXBuildFile; fileRef = CC617FBB188A739200370F27 /* Main.storyboard */; };
		CC617FC0188A739200370F27 /* ViewController.m in Sources */ = {isa = PBXBuildFile; fileRef = CC617FBF188A739200370F27 /* ViewController.m */; };
		CC617FC2188A739200370F27 /* Images.xcassets in Resources */ = {isa = PBXBuildFile; fileRef = CC617FC1188A739200370F27 /* Images.xcassets */; };
		CC617FC9188A739200370F27 /* XCTest.framework in Frameworks */ = {isa = PBXBuildFile; fileRef = CC617FC8188A739200370F27 /* XCTest.framework */; };
		CC617FCA188A739200370F27 /* Foundation.framework in Frameworks */ = {isa = PBXBuildFile; fileRef = CC617FA9188A739100370F27 /* Foundation.framework */; };
		CC617FCB188A739200370F27 /* UIKit.framework in Frameworks */ = {isa = PBXBuildFile; fileRef = CC617FAD188A739200370F27 /* UIKit.framework */; };
		CC617FD3188A739200370F27 /* InfoPlist.strings in Resources */ = {isa = PBXBuildFile; fileRef = CC617FD1188A739200370F27 /* InfoPlist.strings */; };
		CC617FD5188A739200370F27 /* NewsTests.m in Sources */ = {isa = PBXBuildFile; fileRef = CC617FD4188A739200370F27 /* NewsTests.m */; };
		CC617FF8188A775200370F27 /* AFHTTPClient.m in Sources */ = {isa = PBXBuildFile; fileRef = CC617FE6188A775200370F27 /* AFHTTPClient.m */; };
		CC617FF9188A775200370F27 /* AFHTTPRequestOperation.m in Sources */ = {isa = PBXBuildFile; fileRef = CC617FE8188A775200370F27 /* AFHTTPRequestOperation.m */; };
		CC617FFA188A775200370F27 /* AFImageRequestOperation.m in Sources */ = {isa = PBXBuildFile; fileRef = CC617FEA188A775200370F27 /* AFImageRequestOperation.m */; };
		CC617FFB188A775200370F27 /* AFJSONRequestOperation.m in Sources */ = {isa = PBXBuildFile; fileRef = CC617FEC188A775200370F27 /* AFJSONRequestOperation.m */; };
		CC617FFC188A775200370F27 /* AFNetworkActivityIndicatorManager.m in Sources */ = {isa = PBXBuildFile; fileRef = CC617FEE188A775200370F27 /* AFNetworkActivityIndicatorManager.m */; };
		CC617FFD188A775200370F27 /* AFPropertyListRequestOperation.m in Sources */ = {isa = PBXBuildFile; fileRef = CC617FF1188A775200370F27 /* AFPropertyListRequestOperation.m */; };
		CC617FFE188A775200370F27 /* AFURLConnectionOperation.m in Sources */ = {isa = PBXBuildFile; fileRef = CC617FF3188A775200370F27 /* AFURLConnectionOperation.m */; };
		CC617FFF188A775200370F27 /* AFXMLRequestOperation.m in Sources */ = {isa = PBXBuildFile; fileRef = CC617FF5188A775200370F27 /* AFXMLRequestOperation.m */; };
		CC618000188A775200370F27 /* UIImageView+AFNetworking.m in Sources */ = {isa = PBXBuildFile; fileRef = CC617FF7188A775200370F27 /* UIImageView+AFNetworking.m */; };
		CC618002188A788C00370F27 /* SystemConfiguration.framework in Frameworks */ = {isa = PBXBuildFile; fileRef = CC618001188A788C00370F27 /* SystemConfiguration.framework */; };
		CC618006188A79B800370F27 /* CFNetwork.framework in Frameworks */ = {isa = PBXBuildFile; fileRef = CC618005188A79B800370F27 /* CFNetwork.framework */; };
		CC618008188A79BF00370F27 /* Security.framework in Frameworks */ = {isa = PBXBuildFile; fileRef = CC618007188A79BF00370F27 /* Security.framework */; };
		CC618009188A7A0100370F27 /* MobileCoreServices.framework in Frameworks */ = {isa = PBXBuildFile; fileRef = CC618003188A789300370F27 /* MobileCoreServices.framework */; };
		CC61801F188A7CFF00370F27 /* MKAnnotationView+WebCache.m in Sources */ = {isa = PBXBuildFile; fileRef = CC61800C188A7CFF00370F27 /* MKAnnotationView+WebCache.m */; };
		CC618020188A7CFF00370F27 /* SDImageCache.m in Sources */ = {isa = PBXBuildFile; fileRef = CC61800E188A7CFF00370F27 /* SDImageCache.m */; };
		CC618021188A7CFF00370F27 /* SDWebImageDecoder.m in Sources */ = {isa = PBXBuildFile; fileRef = CC618012188A7CFF00370F27 /* SDWebImageDecoder.m */; };
		CC618022188A7CFF00370F27 /* SDWebImageDownloader.m in Sources */ = {isa = PBXBuildFile; fileRef = CC618014188A7CFF00370F27 /* SDWebImageDownloader.m */; };
		CC618023188A7CFF00370F27 /* SDWebImageManager.m in Sources */ = {isa = PBXBuildFile; fileRef = CC618017188A7CFF00370F27 /* SDWebImageManager.m */; };
		CC618024188A7CFF00370F27 /* SDWebImagePrefetcher.m in Sources */ = {isa = PBXBuildFile; fileRef = CC61801A188A7CFF00370F27 /* SDWebImagePrefetcher.m */; };
		CC618025188A7CFF00370F27 /* UIButton+WebCache.m in Sources */ = {isa = PBXBuildFile; fileRef = CC61801C188A7CFF00370F27 /* UIButton+WebCache.m */; };
		CC618026188A7CFF00370F27 /* UIImageView+WebCache.m in Sources */ = {isa = PBXBuildFile; fileRef = CC61801E188A7CFF00370F27 /* UIImageView+WebCache.m */; };
		CC618029188A7F2E00370F27 /* New.m in Sources */ = {isa = PBXBuildFile; fileRef = CC618028188A7F2E00370F27 /* New.m */; };
		CC61802F188A86A500370F27 /* PageDatas.m in Sources */ = {isa = PBXBuildFile; fileRef = CC61802E188A86A500370F27 /* PageDatas.m */; };
		CC750CC4188AE605004E1641 /* MBProgressHUD.m in Sources */ = {isa = PBXBuildFile; fileRef = CC750CC3188AE605004E1641 /* MBProgressHUD.m */; };
		CC750CCE188AE893004E1641 /* Reachability.m in Sources */ = {isa = PBXBuildFile; fileRef = CC750CC7188AE893004E1641 /* Reachability.m */; settings = {COMPILER_FLAGS = "-fno-objc-arc"; }; };
		CC750CCF188AE893004E1641 /* UIScrollView+SVInfiniteScrolling.m in Sources */ = {isa = PBXBuildFile; fileRef = CC750CCB188AE893004E1641 /* UIScrollView+SVInfiniteScrolling.m */; };
		CC750CD0188AE893004E1641 /* UIScrollView+SVPullToRefresh.m in Sources */ = {isa = PBXBuildFile; fileRef = CC750CCD188AE893004E1641 /* UIScrollView+SVPullToRefresh.m */; };
		CC8A35B2188CC99A005CBB37 /* NSString+JSON.m in Sources */ = {isa = PBXBuildFile; fileRef = CC8A35B1188CC99A005CBB37 /* NSString+JSON.m */; };
		CC8A35B9188CCCBF005CBB37 /* JSONKit.m in Sources */ = {isa = PBXBuildFile; fileRef = CC8A35B8188CCCBF005CBB37 /* JSONKit.m */; settings = {COMPILER_FLAGS = "-fno-objc-arc"; }; };
		CC8A35BD188CFDEB005CBB37 /* StyledPageControl.m in Sources */ = {isa = PBXBuildFile; fileRef = CC8A35BC188CFDEB005CBB37 /* StyledPageControl.m */; };
		CC9BF0CD188C0B9C005C444A /* NewDetailController.m in Sources */ = {isa = PBXBuildFile; fileRef = CC9BF0CC188C0B9C005C444A /* NewDetailController.m */; };
		CCBF26E8188C1D3A008D332F /* ALAirplayView.m in Sources */ = {isa = PBXBuildFile; fileRef = CCBF26D0188C1D39008D332F /* ALAirplayView.m */; };
		CCBF26E9188C1D3A008D332F /* ALButton.m in Sources */ = {isa = PBXBuildFile; fileRef = CCBF26D2188C1D39008D332F /* ALButton.m */; };
		CCBF26EA188C1D3A008D332F /* ALMoviePlayerController.m in Sources */ = {isa = PBXBuildFile; fileRef = CCBF26D4188C1D39008D332F /* ALMoviePlayerController.m */; };
		CCBF26EB188C1D3A008D332F /* ALMoviePlayerControls.m in Sources */ = {isa = PBXBuildFile; fileRef = CCBF26D6188C1D39008D332F /* ALMoviePlayerControls.m */; };
		CCBF26EC188C1D3A008D332F /* movieBackward.png in Resources */ = {isa = PBXBuildFile; fileRef = CCBF26D8188C1D39008D332F /* movieBackward.png */; };
		CCBF26ED188C1D3A008D332F /* movieBackward@2x.png in Resources */ = {isa = PBXBuildFile; fileRef = CCBF26D9188C1D3A008D332F /* movieBackward@2x.png */; };
		CCBF26EE188C1D3A008D332F /* movieBackwardSelected.png in Resources */ = {isa = PBXBuildFile; fileRef = CCBF26DA188C1D3A008D332F /* movieBackwardSelected.png */; };
		CCBF26EF188C1D3A008D332F /* movieBackwardSelected@2x.png in Resources */ = {isa = PBXBuildFile; fileRef = CCBF26DB188C1D3A008D332F /* movieBackwardSelected@2x.png */; };
		CCBF26F0188C1D3A008D332F /* movieEndFullscreen.png in Resources */ = {isa = PBXBuildFile; fileRef = CCBF26DC188C1D3A008D332F /* movieEndFullscreen.png */; };
		CCBF26F1188C1D3A008D332F /* movieEndFullscreen@2x.png in Resources */ = {isa = PBXBuildFile; fileRef = CCBF26DD188C1D3A008D332F /* movieEndFullscreen@2x.png */; };
		CCBF26F2188C1D3A008D332F /* movieForward.png in Resources */ = {isa = PBXBuildFile; fileRef = CCBF26DE188C1D3A008D332F /* movieForward.png */; };
		CCBF26F3188C1D3A008D332F /* movieForward@2x.png in Resources */ = {isa = PBXBuildFile; fileRef = CCBF26DF188C1D3A008D332F /* movieForward@2x.png */; };
		CCBF26F4188C1D3A008D332F /* movieForwardSelected.png in Resources */ = {isa = PBXBuildFile; fileRef = CCBF26E0188C1D3A008D332F /* movieForwardSelected.png */; };
		CCBF26F5188C1D3A008D332F /* movieForwardSelected@2x.png in Resources */ = {isa = PBXBuildFile; fileRef = CCBF26E1188C1D3A008D332F /* movieForwardSelected@2x.png */; };
		CCBF26F6188C1D3A008D332F /* movieFullscreen.png in Resources */ = {isa = PBXBuildFile; fileRef = CCBF26E2188C1D3A008D332F /* movieFullscreen.png */; };
		CCBF26F7188C1D3A008D332F /* movieFullscreen@2x.png in Resources */ = {isa = PBXBuildFile; fileRef = CCBF26E3188C1D3A008D332F /* movieFullscreen@2x.png */; };
		CCBF26F8188C1D3A008D332F /* moviePause.png in Resources */ = {isa = PBXBuildFile; fileRef = CCBF26E4188C1D3A008D332F /* moviePause.png */; };
		CCBF26F9188C1D3A008D332F /* moviePause@2x.png in Resources */ = {isa = PBXBuildFile; fileRef = CCBF26E5188C1D3A008D332F /* moviePause@2x.png */; };
		CCBF26FA188C1D3A008D332F /* moviePlay.png in Resources */ = {isa = PBXBuildFile; fileRef = CCBF26E6188C1D3A008D332F /* moviePlay.png */; };
		CCBF26FB188C1D3A008D332F /* moviePlay@2x.png in Resources */ = {isa = PBXBuildFile; fileRef = CCBF26E7188C1D3A008D332F /* moviePlay@2x.png */; };
		CCBF26FD188C1D61008D332F /* MediaPlayer.framework in Frameworks */ = {isa = PBXBuildFile; fileRef = CCBF26FC188C1D61008D332F /* MediaPlayer.framework */; };
		CCBF26FF188C1D6A008D332F /* QuartzCore.framework in Frameworks */ = {isa = PBXBuildFile; fileRef = CCBF26FE188C1D6A008D332F /* QuartzCore.framework */; };
		CCBF2702188C1FB6008D332F /* VideoController.m in Sources */ = {isa = PBXBuildFile; fileRef = CCBF2701188C1FB6008D332F /* VideoController.m */; };
/* End PBXBuildFile section */

/* Begin PBXContainerItemProxy section */
		CC617FCC188A739200370F27 /* PBXContainerItemProxy */ = {
			isa = PBXContainerItemProxy;
			containerPortal = CC617F9E188A739100370F27 /* Project object */;
			proxyType = 1;
			remoteGlobalIDString = CC617FA5188A739100370F27;
			remoteInfo = News;
		};
/* End PBXContainerItemProxy section */

/* Begin PBXFileReference section */
		CC4E803B188AA1210091FAD6 /* HTTPClient.h */ = {isa = PBXFileReference; fileEncoding = 4; lastKnownFileType = sourcecode.c.h; path = HTTPClient.h; sourceTree = "<group>"; };
		CC4E803C188AA1210091FAD6 /* HTTPClient.m */ = {isa = PBXFileReference; fileEncoding = 4; lastKnownFileType = sourcecode.c.objc; path = HTTPClient.m; sourceTree = "<group>"; };
		CC4E803E188AA70B0091FAD6 /* NewTableCell.h */ = {isa = PBXFileReference; fileEncoding = 4; lastKnownFileType = sourcecode.c.h; path = NewTableCell.h; sourceTree = "<group>"; };
		CC4E803F188AA70B0091FAD6 /* NewTableCell.m */ = {isa = PBXFileReference; fileEncoding = 4; lastKnownFileType = sourcecode.c.objc; path = NewTableCell.m; sourceTree = "<group>"; };
		CC617FA6188A739100370F27 /* News.app */ = {isa = PBXFileReference; explicitFileType = wrapper.application; includeInIndex = 0; path = News.app; sourceTree = BUILT_PRODUCTS_DIR; };
		CC617FA9188A739100370F27 /* Foundation.framework */ = {isa = PBXFileReference; lastKnownFileType = wrapper.framework; name = Foundation.framework; path = System/Library/Frameworks/Foundation.framework; sourceTree = SDKROOT; };
		CC617FAB188A739100370F27 /* CoreGraphics.framework */ = {isa = PBXFileReference; lastKnownFileType = wrapper.framework; name = CoreGraphics.framework; path = System/Library/Frameworks/CoreGraphics.framework; sourceTree = SDKROOT; };
		CC617FAD188A739200370F27 /* UIKit.framework */ = {isa = PBXFileReference; lastKnownFileType = wrapper.framework; name = UIKit.framework; path = System/Library/Frameworks/UIKit.framework; sourceTree = SDKROOT; };
		CC617FB1188A739200370F27 /* News-Info.plist */ = {isa = PBXFileReference; lastKnownFileType = text.plist.xml; path = "News-Info.plist"; sourceTree = "<group>"; };
		CC617FB3188A739200370F27 /* en */ = {isa = PBXFileReference; lastKnownFileType = text.plist.strings; name = en; path = en.lproj/InfoPlist.strings; sourceTree = "<group>"; };
		CC617FB5188A739200370F27 /* main.m */ = {isa = PBXFileReference; lastKnownFileType = sourcecode.c.objc; path = main.m; sourceTree = "<group>"; };
		CC617FB7188A739200370F27 /* News-Prefix.pch */ = {isa = PBXFileReference; lastKnownFileType = sourcecode.c.h; path = "News-Prefix.pch"; sourceTree = "<group>"; };
		CC617FB8188A739200370F27 /* AppDelegate.h */ = {isa = PBXFileReference; lastKnownFileType = sourcecode.c.h; path = AppDelegate.h; sourceTree = "<group>"; };
		CC617FB9188A739200370F27 /* AppDelegate.m */ = {isa = PBXFileReference; lastKnownFileType = sourcecode.c.objc; path = AppDelegate.m; sourceTree = "<group>"; };
		CC617FBC188A739200370F27 /* Base */ = {isa = PBXFileReference; lastKnownFileType = file.storyboard; name = Base; path = Base.lproj/Main.storyboard; sourceTree = "<group>"; };
		CC617FBE188A739200370F27 /* ViewController.h */ = {isa = PBXFileReference; lastKnownFileType = sourcecode.c.h; path = ViewController.h; sourceTree = "<group>"; };
		CC617FBF188A739200370F27 /* ViewController.m */ = {isa = PBXFileReference; lastKnownFileType = sourcecode.c.objc; path = ViewController.m; sourceTree = "<group>"; };
		CC617FC1188A739200370F27 /* Images.xcassets */ = {isa = PBXFileReference; lastKnownFileType = folder.assetcatalog; path = Images.xcassets; sourceTree = "<group>"; };
		CC617FC7188A739200370F27 /* NewsTests.xctest */ = {isa = PBXFileReference; explicitFileType = wrapper.cfbundle; includeInIndex = 0; path = NewsTests.xctest; sourceTree = BUILT_PRODUCTS_DIR; };
		CC617FC8188A739200370F27 /* XCTest.framework */ = {isa = PBXFileReference; lastKnownFileType = wrapper.framework; name = XCTest.framework; path = Library/Frameworks/XCTest.framework; sourceTree = DEVELOPER_DIR; };
		CC617FD0188A739200370F27 /* NewsTests-Info.plist */ = {isa = PBXFileReference; lastKnownFileType = text.plist.xml; path = "NewsTests-Info.plist"; sourceTree = "<group>"; };
		CC617FD2188A739200370F27 /* en */ = {isa = PBXFileReference; lastKnownFileType = text.plist.strings; name = en; path = en.lproj/InfoPlist.strings; sourceTree = "<group>"; };
		CC617FD4188A739200370F27 /* NewsTests.m */ = {isa = PBXFileReference; lastKnownFileType = sourcecode.c.objc; path = NewsTests.m; sourceTree = "<group>"; };
		CC617FE5188A775200370F27 /* AFHTTPClient.h */ = {isa = PBXFileReference; fileEncoding = 4; lastKnownFileType = sourcecode.c.h; path = AFHTTPClient.h; sourceTree = "<group>"; };
		CC617FE6188A775200370F27 /* AFHTTPClient.m */ = {isa = PBXFileReference; fileEncoding = 4; lastKnownFileType = sourcecode.c.objc; path = AFHTTPClient.m; sourceTree = "<group>"; };
		CC617FE7188A775200370F27 /* AFHTTPRequestOperation.h */ = {isa = PBXFileReference; fileEncoding = 4; lastKnownFileType = sourcecode.c.h; path = AFHTTPRequestOperation.h; sourceTree = "<group>"; };
		CC617FE8188A775200370F27 /* AFHTTPRequestOperation.m */ = {isa = PBXFileReference; fileEncoding = 4; lastKnownFileType = sourcecode.c.objc; path = AFHTTPRequestOperation.m; sourceTree = "<group>"; };
		CC617FE9188A775200370F27 /* AFImageRequestOperation.h */ = {isa = PBXFileReference; fileEncoding = 4; lastKnownFileType = sourcecode.c.h; path = AFImageRequestOperation.h; sourceTree = "<group>"; };
		CC617FEA188A775200370F27 /* AFImageRequestOperation.m */ = {isa = PBXFileReference; fileEncoding = 4; lastKnownFileType = sourcecode.c.objc; path = AFImageRequestOperation.m; sourceTree = "<group>"; };
		CC617FEB188A775200370F27 /* AFJSONRequestOperation.h */ = {isa = PBXFileReference; fileEncoding = 4; lastKnownFileType = sourcecode.c.h; path = AFJSONRequestOperation.h; sourceTree = "<group>"; };
		CC617FEC188A775200370F27 /* AFJSONRequestOperation.m */ = {isa = PBXFileReference; fileEncoding = 4; lastKnownFileType = sourcecode.c.objc; path = AFJSONRequestOperation.m; sourceTree = "<group>"; };
		CC617FED188A775200370F27 /* AFNetworkActivityIndicatorManager.h */ = {isa = PBXFileReference; fileEncoding = 4; lastKnownFileType = sourcecode.c.h; path = AFNetworkActivityIndicatorManager.h; sourceTree = "<group>"; };
		CC617FEE188A775200370F27 /* AFNetworkActivityIndicatorManager.m */ = {isa = PBXFileReference; fileEncoding = 4; lastKnownFileType = sourcecode.c.objc; path = AFNetworkActivityIndicatorManager.m; sourceTree = "<group>"; };
		CC617FEF188A775200370F27 /* AFNetworking.h */ = {isa = PBXFileReference; fileEncoding = 4; lastKnownFileType = sourcecode.c.h; path = AFNetworking.h; sourceTree = "<group>"; };
		CC617FF0188A775200370F27 /* AFPropertyListRequestOperation.h */ = {isa = PBXFileReference; fileEncoding = 4; lastKnownFileType = sourcecode.c.h; path = AFPropertyListRequestOperation.h; sourceTree = "<group>"; };
		CC617FF1188A775200370F27 /* AFPropertyListRequestOperation.m */ = {isa = PBXFileReference; fileEncoding = 4; lastKnownFileType = sourcecode.c.objc; path = AFPropertyListRequestOperation.m; sourceTree = "<group>"; };
		CC617FF2188A775200370F27 /* AFURLConnectionOperation.h */ = {isa = PBXFileReference; fileEncoding = 4; lastKnownFileType = sourcecode.c.h; path = AFURLConnectionOperation.h; sourceTree = "<group>"; };
		CC617FF3188A775200370F27 /* AFURLConnectionOperation.m */ = {isa = PBXFileReference; fileEncoding = 4; lastKnownFileType = sourcecode.c.objc; path = AFURLConnectionOperation.m; sourceTree = "<group>"; };
		CC617FF4188A775200370F27 /* AFXMLRequestOperation.h */ = {isa = PBXFileReference; fileEncoding = 4; lastKnownFileType = sourcecode.c.h; path = AFXMLRequestOperation.h; sourceTree = "<group>"; };
		CC617FF5188A775200370F27 /* AFXMLRequestOperation.m */ = {isa = PBXFileReference; fileEncoding = 4; lastKnownFileType = sourcecode.c.objc; path = AFXMLRequestOperation.m; sourceTree = "<group>"; };
		CC617FF6188A775200370F27 /* UIImageView+AFNetworking.h */ = {isa = PBXFileReference; fileEncoding = 4; lastKnownFileType = sourcecode.c.h; path = "UIImageView+AFNetworking.h"; sourceTree = "<group>"; };
		CC617FF7188A775200370F27 /* UIImageView+AFNetworking.m */ = {isa = PBXFileReference; fileEncoding = 4; lastKnownFileType = sourcecode.c.objc; path = "UIImageView+AFNetworking.m"; sourceTree = "<group>"; };
		CC618001188A788C00370F27 /* SystemConfiguration.framework */ = {isa = PBXFileReference; lastKnownFileType = wrapper.framework; name = SystemConfiguration.framework; path = System/Library/Frameworks/SystemConfiguration.framework; sourceTree = SDKROOT; };
		CC618003188A789300370F27 /* MobileCoreServices.framework */ = {isa = PBXFileReference; lastKnownFileType = wrapper.framework; name = MobileCoreServices.framework; path = System/Library/Frameworks/MobileCoreServices.framework; sourceTree = SDKROOT; };
		CC618005188A79B800370F27 /* CFNetwork.framework */ = {isa = PBXFileReference; lastKnownFileType = wrapper.framework; name = CFNetwork.framework; path = System/Library/Frameworks/CFNetwork.framework; sourceTree = SDKROOT; };
		CC618007188A79BF00370F27 /* Security.framework */ = {isa = PBXFileReference; lastKnownFileType = wrapper.framework; name = Security.framework; path = System/Library/Frameworks/Security.framework; sourceTree = SDKROOT; };
		CC61800B188A7CFF00370F27 /* MKAnnotationView+WebCache.h */ = {isa = PBXFileReference; fileEncoding = 4; lastKnownFileType = sourcecode.c.h; path = "MKAnnotationView+WebCache.h"; sourceTree = "<group>"; };
		CC61800C188A7CFF00370F27 /* MKAnnotationView+WebCache.m */ = {isa = PBXFileReference; fileEncoding = 4; lastKnownFileType = sourcecode.c.objc; path = "MKAnnotationView+WebCache.m"; sourceTree = "<group>"; };
		CC61800D188A7CFF00370F27 /* SDImageCache.h */ = {isa = PBXFileReference; fileEncoding = 4; lastKnownFileType = sourcecode.c.h; path = SDImageCache.h; sourceTree = "<group>"; };
		CC61800E188A7CFF00370F27 /* SDImageCache.m */ = {isa = PBXFileReference; fileEncoding = 4; lastKnownFileType = sourcecode.c.objc; path = SDImageCache.m; sourceTree = "<group>"; };
		CC61800F188A7CFF00370F27 /* SDImageCacheDelegate.h */ = {isa = PBXFileReference; fileEncoding = 4; lastKnownFileType = sourcecode.c.h; path = SDImageCacheDelegate.h; sourceTree = "<group>"; };
		CC618010188A7CFF00370F27 /* SDWebImageCompat.h */ = {isa = PBXFileReference; fileEncoding = 4; lastKnownFileType = sourcecode.c.h; path = SDWebImageCompat.h; sourceTree = "<group>"; };
		CC618011188A7CFF00370F27 /* SDWebImageDecoder.h */ = {isa = PBXFileReference; fileEncoding = 4; lastKnownFileType = sourcecode.c.h; path = SDWebImageDecoder.h; sourceTree = "<group>"; };
		CC618012188A7CFF00370F27 /* SDWebImageDecoder.m */ = {isa = PBXFileReference; fileEncoding = 4; lastKnownFileType = sourcecode.c.objc; path = SDWebImageDecoder.m; sourceTree = "<group>"; };
		CC618013188A7CFF00370F27 /* SDWebImageDownloader.h */ = {isa = PBXFileReference; fileEncoding = 4; lastKnownFileType = sourcecode.c.h; path = SDWebImageDownloader.h; sourceTree = "<group>"; };
		CC618014188A7CFF00370F27 /* SDWebImageDownloader.m */ = {isa = PBXFileReference; fileEncoding = 4; lastKnownFileType = sourcecode.c.objc; path = SDWebImageDownloader.m; sourceTree = "<group>"; };
		CC618015188A7CFF00370F27 /* SDWebImageDownloaderDelegate.h */ = {isa = PBXFileReference; fileEncoding = 4; lastKnownFileType = sourcecode.c.h; path = SDWebImageDownloaderDelegate.h; sourceTree = "<group>"; };
		CC618016188A7CFF00370F27 /* SDWebImageManager.h */ = {isa = PBXFileReference; fileEncoding = 4; lastKnownFileType = sourcecode.c.h; path = SDWebImageManager.h; sourceTree = "<group>"; };
		CC618017188A7CFF00370F27 /* SDWebImageManager.m */ = {isa = PBXFileReference; fileEncoding = 4; lastKnownFileType = sourcecode.c.objc; path = SDWebImageManager.m; sourceTree = "<group>"; };
		CC618018188A7CFF00370F27 /* SDWebImageManagerDelegate.h */ = {isa = PBXFileReference; fileEncoding = 4; lastKnownFileType = sourcecode.c.h; path = SDWebImageManagerDelegate.h; sourceTree = "<group>"; };
		CC618019188A7CFF00370F27 /* SDWebImagePrefetcher.h */ = {isa = PBXFileReference; fileEncoding = 4; lastKnownFileType = sourcecode.c.h; path = SDWebImagePrefetcher.h; sourceTree = "<group>"; };
		CC61801A188A7CFF00370F27 /* SDWebImagePrefetcher.m */ = {isa = PBXFileReference; fileEncoding = 4; lastKnownFileType = sourcecode.c.objc; path = SDWebImagePrefetcher.m; sourceTree = "<group>"; };
		CC61801B188A7CFF00370F27 /* UIButton+WebCache.h */ = {isa = PBXFileReference; fileEncoding = 4; lastKnownFileType = sourcecode.c.h; path = "UIButton+WebCache.h"; sourceTree = "<group>"; };
		CC61801C188A7CFF00370F27 /* UIButton+WebCache.m */ = {isa = PBXFileReference; fileEncoding = 4; lastKnownFileType = sourcecode.c.objc; path = "UIButton+WebCache.m"; sourceTree = "<group>"; };
		CC61801D188A7CFF00370F27 /* UIImageView+WebCache.h */ = {isa = PBXFileReference; fileEncoding = 4; lastKnownFileType = sourcecode.c.h; path = "UIImageView+WebCache.h"; sourceTree = "<group>"; };
		CC61801E188A7CFF00370F27 /* UIImageView+WebCache.m */ = {isa = PBXFileReference; fileEncoding = 4; lastKnownFileType = sourcecode.c.objc; path = "UIImageView+WebCache.m"; sourceTree = "<group>"; };
		CC618027188A7F2E00370F27 /* New.h */ = {isa = PBXFileReference; fileEncoding = 4; lastKnownFileType = sourcecode.c.h; path = New.h; sourceTree = "<group>"; };
		CC618028188A7F2E00370F27 /* New.m */ = {isa = PBXFileReference; fileEncoding = 4; lastKnownFileType = sourcecode.c.objc; path = New.m; sourceTree = "<group>"; };
		CC61802D188A86A500370F27 /* PageDatas.h */ = {isa = PBXFileReference; fileEncoding = 4; lastKnownFileType = sourcecode.c.h; path = PageDatas.h; sourceTree = "<group>"; };
		CC61802E188A86A500370F27 /* PageDatas.m */ = {isa = PBXFileReference; fileEncoding = 4; lastKnownFileType = sourcecode.c.objc; path = PageDatas.m; sourceTree = "<group>"; };
		CC618036188A8ACE00370F27 /* IParse.h */ = {isa = PBXFileReference; lastKnownFileType = sourcecode.c.h; path = IParse.h; sourceTree = "<group>"; };
		CC750CC2188AE605004E1641 /* MBProgressHUD.h */ = {isa = PBXFileReference; fileEncoding = 4; lastKnownFileType = sourcecode.c.h; path = MBProgressHUD.h; sourceTree = "<group>"; };
		CC750CC3188AE605004E1641 /* MBProgressHUD.m */ = {isa = PBXFileReference; fileEncoding = 4; lastKnownFileType = sourcecode.c.objc; path = MBProgressHUD.m; sourceTree = "<group>"; };
		CC750CC6188AE893004E1641 /* Reachability.h */ = {isa = PBXFileReference; fileEncoding = 4; lastKnownFileType = sourcecode.c.h; path = Reachability.h; sourceTree = "<group>"; };
		CC750CC7188AE893004E1641 /* Reachability.m */ = {isa = PBXFileReference; fileEncoding = 4; lastKnownFileType = sourcecode.c.objc; path = Reachability.m; sourceTree = "<group>"; };
		CC750CC9188AE893004E1641 /* SVPullToRefresh.h */ = {isa = PBXFileReference; fileEncoding = 4; lastKnownFileType = sourcecode.c.h; path = SVPullToRefresh.h; sourceTree = "<group>"; };
		CC750CCA188AE893004E1641 /* UIScrollView+SVInfiniteScrolling.h */ = {isa = PBXFileReference; fileEncoding = 4; lastKnownFileType = sourcecode.c.h; path = "UIScrollView+SVInfiniteScrolling.h"; sourceTree = "<group>"; };
		CC750CCB188AE893004E1641 /* UIScrollView+SVInfiniteScrolling.m */ = {isa = PBXFileReference; fileEncoding = 4; lastKnownFileType = sourcecode.c.objc; path = "UIScrollView+SVInfiniteScrolling.m"; sourceTree = "<group>"; };
		CC750CCC188AE893004E1641 /* UIScrollView+SVPullToRefresh.h */ = {isa = PBXFileReference; fileEncoding = 4; lastKnownFileType = sourcecode.c.h; path = "UIScrollView+SVPullToRefresh.h"; sourceTree = "<group>"; };
		CC750CCD188AE893004E1641 /* UIScrollView+SVPullToRefresh.m */ = {isa = PBXFileReference; fileEncoding = 4; lastKnownFileType = sourcecode.c.objc; path = "UIScrollView+SVPullToRefresh.m"; sourceTree = "<group>"; };
		CC8A35B0188CC99A005CBB37 /* NSString+JSON.h */ = {isa = PBXFileReference; fileEncoding = 4; lastKnownFileType = sourcecode.c.h; path = "NSString+JSON.h"; sourceTree = "<group>"; };
		CC8A35B1188CC99A005CBB37 /* NSString+JSON.m */ = {isa = PBXFileReference; fileEncoding = 4; lastKnownFileType = sourcecode.c.objc; path = "NSString+JSON.m"; sourceTree = "<group>"; };
		CC8A35B7188CCCBF005CBB37 /* JSONKit.h */ = {isa = PBXFileReference; fileEncoding = 4; lastKnownFileType = sourcecode.c.h; path = JSONKit.h; sourceTree = "<group>"; };
		CC8A35B8188CCCBF005CBB37 /* JSONKit.m */ = {isa = PBXFileReference; fileEncoding = 4; lastKnownFileType = sourcecode.c.objc; path = JSONKit.m; sourceTree = "<group>"; };
		CC8A35BB188CFDEB005CBB37 /* StyledPageControl.h */ = {isa = PBXFileReference; fileEncoding = 4; lastKnownFileType = sourcecode.c.h; path = StyledPageControl.h; sourceTree = "<group>"; };
		CC8A35BC188CFDEB005CBB37 /* StyledPageControl.m */ = {isa = PBXFileReference; fileEncoding = 4; lastKnownFileType = sourcecode.c.objc; path = StyledPageControl.m; sourceTree = "<group>"; };
		CC9BF0CB188C0B9C005C444A /* NewDetailController.h */ = {isa = PBXFileReference; fileEncoding = 4; lastKnownFileType = sourcecode.c.h; path = NewDetailController.h; sourceTree = "<group>"; };
		CC9BF0CC188C0B9C005C444A /* NewDetailController.m */ = {isa = PBXFileReference; fileEncoding = 4; lastKnownFileType = sourcecode.c.objc; path = NewDetailController.m; sourceTree = "<group>"; };
		CCBF26CF188C1D39008D332F /* ALAirplayView.h */ = {isa = PBXFileReference; fileEncoding = 4; lastKnownFileType = sourcecode.c.h; path = ALAirplayView.h; sourceTree = "<group>"; };
		CCBF26D0188C1D39008D332F /* ALAirplayView.m */ = {isa = PBXFileReference; fileEncoding = 4; lastKnownFileType = sourcecode.c.objc; path = ALAirplayView.m; sourceTree = "<group>"; };
		CCBF26D1188C1D39008D332F /* ALButton.h */ = {isa = PBXFileReference; fileEncoding = 4; lastKnownFileType = sourcecode.c.h; path = ALButton.h; sourceTree = "<group>"; };
		CCBF26D2188C1D39008D332F /* ALButton.m */ = {isa = PBXFileReference; fileEncoding = 4; lastKnownFileType = sourcecode.c.objc; path = ALButton.m; sourceTree = "<group>"; };
		CCBF26D3188C1D39008D332F /* ALMoviePlayerController.h */ = {isa = PBXFileReference; fileEncoding = 4; lastKnownFileType = sourcecode.c.h; path = ALMoviePlayerController.h; sourceTree = "<group>"; };
		CCBF26D4188C1D39008D332F /* ALMoviePlayerController.m */ = {isa = PBXFileReference; fileEncoding = 4; lastKnownFileType = sourcecode.c.objc; path = ALMoviePlayerController.m; sourceTree = "<group>"; };
		CCBF26D5188C1D39008D332F /* ALMoviePlayerControls.h */ = {isa = PBXFileReference; fileEncoding = 4; lastKnownFileType = sourcecode.c.h; path = ALMoviePlayerControls.h; sourceTree = "<group>"; };
		CCBF26D6188C1D39008D332F /* ALMoviePlayerControls.m */ = {isa = PBXFileReference; fileEncoding = 4; lastKnownFileType = sourcecode.c.objc; path = ALMoviePlayerControls.m; sourceTree = "<group>"; };
		CCBF26D8188C1D39008D332F /* movieBackward.png */ = {isa = PBXFileReference; lastKnownFileType = image.png; path = movieBackward.png; sourceTree = "<group>"; };
		CCBF26D9188C1D3A008D332F /* movieBackward@2x.png */ = {isa = PBXFileReference; lastKnownFileType = image.png; path = "movieBackward@2x.png"; sourceTree = "<group>"; };
		CCBF26DA188C1D3A008D332F /* movieBackwardSelected.png */ = {isa = PBXFileReference; lastKnownFileType = image.png; path = movieBackwardSelected.png; sourceTree = "<group>"; };
		CCBF26DB188C1D3A008D332F /* movieBackwardSelected@2x.png */ = {isa = PBXFileReference; lastKnownFileType = image.png; path = "movieBackwardSelected@2x.png"; sourceTree = "<group>"; };
		CCBF26DC188C1D3A008D332F /* movieEndFullscreen.png */ = {isa = PBXFileReference; lastKnownFileType = image.png; path = movieEndFullscreen.png; sourceTree = "<group>"; };
		CCBF26DD188C1D3A008D332F /* movieEndFullscreen@2x.png */ = {isa = PBXFileReference; lastKnownFileType = image.png; path = "movieEndFullscreen@2x.png"; sourceTree = "<group>"; };
		CCBF26DE188C1D3A008D332F /* movieForward.png */ = {isa = PBXFileReference; lastKnownFileType = image.png; path = movieForward.png; sourceTree = "<group>"; };
		CCBF26DF188C1D3A008D332F /* movieForward@2x.png */ = {isa = PBXFileReference; lastKnownFileType = image.png; path = "movieForward@2x.png"; sourceTree = "<group>"; };
		CCBF26E0188C1D3A008D332F /* movieForwardSelected.png */ = {isa = PBXFileReference; lastKnownFileType = image.png; path = movieForwardSelected.png; sourceTree = "<group>"; };
		CCBF26E1188C1D3A008D332F /* movieForwardSelected@2x.png */ = {isa = PBXFileReference; lastKnownFileType = image.png; path = "movieForwardSelected@2x.png"; sourceTree = "<group>"; };
		CCBF26E2188C1D3A008D332F /* movieFullscreen.png */ = {isa = PBXFileReference; lastKnownFileType = image.png; path = movieFullscreen.png; sourceTree = "<group>"; };
		CCBF26E3188C1D3A008D332F /* movieFullscreen@2x.png */ = {isa = PBXFileReference; lastKnownFileType = image.png; path = "movieFullscreen@2x.png"; sourceTree = "<group>"; };
		CCBF26E4188C1D3A008D332F /* moviePause.png */ = {isa = PBXFileReference; lastKnownFileType = image.png; path = moviePause.png; sourceTree = "<group>"; };
		CCBF26E5188C1D3A008D332F /* moviePause@2x.png */ = {isa = PBXFileReference; lastKnownFileType = image.png; path = "moviePause@2x.png"; sourceTree = "<group>"; };
		CCBF26E6188C1D3A008D332F /* moviePlay.png */ = {isa = PBXFileReference; lastKnownFileType = image.png; path = moviePlay.png; sourceTree = "<group>"; };
		CCBF26E7188C1D3A008D332F /* moviePlay@2x.png */ = {isa = PBXFileReference; lastKnownFileType = image.png; path = "moviePlay@2x.png"; sourceTree = "<group>"; };
		CCBF26FC188C1D61008D332F /* MediaPlayer.framework */ = {isa = PBXFileReference; lastKnownFileType = wrapper.framework; name = MediaPlayer.framework; path = System/Library/Frameworks/MediaPlayer.framework; sourceTree = SDKROOT; };
		CCBF26FE188C1D6A008D332F /* QuartzCore.framework */ = {isa = PBXFileReference; lastKnownFileType = wrapper.framework; name = QuartzCore.framework; path = System/Library/Frameworks/QuartzCore.framework; sourceTree = SDKROOT; };
		CCBF2700188C1FB6008D332F /* VideoController.h */ = {isa = PBXFileReference; fileEncoding = 4; lastKnownFileType = sourcecode.c.h; path = VideoController.h; sourceTree = "<group>"; };
		CCBF2701188C1FB6008D332F /* VideoController.m */ = {isa = PBXFileReference; fileEncoding = 4; lastKnownFileType = sourcecode.c.objc; path = VideoController.m; sourceTree = "<group>"; };
/* End PBXFileReference section */

/* Begin PBXFrameworksBuildPhase section */
		CC617FA3188A739100370F27 /* Frameworks */ = {
			isa = PBXFrameworksBuildPhase;
			buildActionMask = 2147483647;
			files = (
				CCBF26FF188C1D6A008D332F /* QuartzCore.framework in Frameworks */,
				CCBF26FD188C1D61008D332F /* MediaPlayer.framework in Frameworks */,
				CC618009188A7A0100370F27 /* MobileCoreServices.framework in Frameworks */,
				CC618008188A79BF00370F27 /* Security.framework in Frameworks */,
				CC618006188A79B800370F27 /* CFNetwork.framework in Frameworks */,
				CC618002188A788C00370F27 /* SystemConfiguration.framework in Frameworks */,
				CC617FAC188A739100370F27 /* CoreGraphics.framework in Frameworks */,
				CC617FAE188A739200370F27 /* UIKit.framework in Frameworks */,
				CC617FAA188A739100370F27 /* Foundation.framework in Frameworks */,
			);
			runOnlyForDeploymentPostprocessing = 0;
		};
		CC617FC4188A739200370F27 /* Frameworks */ = {
			isa = PBXFrameworksBuildPhase;
			buildActionMask = 2147483647;
			files = (
				CC617FC9188A739200370F27 /* XCTest.framework in Frameworks */,
				CC617FCB188A739200370F27 /* UIKit.framework in Frameworks */,
				CC617FCA188A739200370F27 /* Foundation.framework in Frameworks */,
			);
			runOnlyForDeploymentPostprocessing = 0;
		};
/* End PBXFrameworksBuildPhase section */

/* Begin PBXGroup section */
		CC617F9D188A739100370F27 = {
			isa = PBXGroup;
			children = (
				CC617FAF188A739200370F27 /* News */,
				CC617FCE188A739200370F27 /* NewsTests */,
				CC617FA8188A739100370F27 /* Frameworks */,
				CC617FA7188A739100370F27 /* Products */,
			);
			sourceTree = "<group>";
		};
		CC617FA7188A739100370F27 /* Products */ = {
			isa = PBXGroup;
			children = (
				CC617FA6188A739100370F27 /* News.app */,
				CC617FC7188A739200370F27 /* NewsTests.xctest */,
			);
			name = Products;
			sourceTree = "<group>";
		};
		CC617FA8188A739100370F27 /* Frameworks */ = {
			isa = PBXGroup;
			children = (
				CCBF26FE188C1D6A008D332F /* QuartzCore.framework */,
				CCBF26FC188C1D61008D332F /* MediaPlayer.framework */,
				CC618007188A79BF00370F27 /* Security.framework */,
				CC618005188A79B800370F27 /* CFNetwork.framework */,
				CC618003188A789300370F27 /* MobileCoreServices.framework */,
				CC618001188A788C00370F27 /* SystemConfiguration.framework */,
				CC617FA9188A739100370F27 /* Foundation.framework */,
				CC617FAB188A739100370F27 /* CoreGraphics.framework */,
				CC617FAD188A739200370F27 /* UIKit.framework */,
				CC617FC8188A739200370F27 /* XCTest.framework */,
			);
			name = Frameworks;
			sourceTree = "<group>";
		};
		CC617FAF188A739200370F27 /* News */ = {
			isa = PBXGroup;
			children = (
				CC617FE0188A765500370F27 /* Models */,
				CC617FE2188A765500370F27 /* Views */,
				CC617FDE188A765500370F27 /* Controllers */,
				CC617FE1188A765500370F27 /* Vendor */,
				CC617FE3188A76BD00370F27 /* Helper */,
				CC617FB8188A739200370F27 /* AppDelegate.h */,
				CC617FB9188A739200370F27 /* AppDelegate.m */,
				CC617FBB188A739200370F27 /* Main.storyboard */,
				CC617FBE188A739200370F27 /* ViewController.h */,
				CC617FBF188A739200370F27 /* ViewController.m */,
				CC617FC1188A739200370F27 /* Images.xcassets */,
				CC617FB0188A739200370F27 /* Supporting Files */,
			);
			path = News;
			sourceTree = "<group>";
		};
		CC617FB0188A739200370F27 /* Supporting Files */ = {
			isa = PBXGroup;
			children = (
				CC617FB1188A739200370F27 /* News-Info.plist */,
				CC617FB2188A739200370F27 /* InfoPlist.strings */,
				CC617FB5188A739200370F27 /* main.m */,
				CC617FB7188A739200370F27 /* News-Prefix.pch */,
			);
			name = "Supporting Files";
			sourceTree = "<group>";
		};
		CC617FCE188A739200370F27 /* NewsTests */ = {
			isa = PBXGroup;
			children = (
				CC617FD4188A739200370F27 /* NewsTests.m */,
				CC617FCF188A739200370F27 /* Supporting Files */,
			);
			path = NewsTests;
			sourceTree = "<group>";
		};
		CC617FCF188A739200370F27 /* Supporting Files */ = {
			isa = PBXGroup;
			children = (
				CC617FD0188A739200370F27 /* NewsTests-Info.plist */,
				CC617FD1188A739200370F27 /* InfoPlist.strings */,
			);
			name = "Supporting Files";
			sourceTree = "<group>";
		};
		CC617FDE188A765500370F27 /* Controllers */ = {
			isa = PBXGroup;
			children = (
				CC9BF0CB188C0B9C005C444A /* NewDetailController.h */,
				CC9BF0CC188C0B9C005C444A /* NewDetailController.m */,
				CCBF2700188C1FB6008D332F /* VideoController.h */,
				CCBF2701188C1FB6008D332F /* VideoController.m */,
			);
			path = Controllers;
			sourceTree = "<group>";
		};
		CC617FE0188A765500370F27 /* Models */ = {
			isa = PBXGroup;
			children = (
				CC618027188A7F2E00370F27 /* New.h */,
				CC618028188A7F2E00370F27 /* New.m */,
			);
			path = Models;
			sourceTree = "<group>";
		};
		CC617FE1188A765500370F27 /* Vendor */ = {
			isa = PBXGroup;
			children = (
				CC8A35BA188CFDEB005CBB37 /* StylePageControl */,
				CC8A35B6188CCCBF005CBB37 /* JSONKit */,
				CCBF26CE188C1D39008D332F /* ALMoviePlayerController */,
				CC750CC5188AE893004E1641 /* Reachability */,
				CC750CC8188AE893004E1641 /* SVPullRresh */,
				CC750CC1188AE605004E1641 /* MBProgress */,
				CC61800A188A7CFF00370F27 /* SDWebImage */,
				CC617FE4188A775200370F27 /* AFNetworking */,
			);
			path = Vendor;
			sourceTree = "<group>";
		};
		CC617FE2188A765500370F27 /* Views */ = {
			isa = PBXGroup;
			children = (
				CC4E803E188AA70B0091FAD6 /* NewTableCell.h */,
				CC4E803F188AA70B0091FAD6 /* NewTableCell.m */,
			);
			path = Views;
			sourceTree = "<group>";
		};
		CC617FE3188A76BD00370F27 /* Helper */ = {
			isa = PBXGroup;
			children = (
				CC61802D188A86A500370F27 /* PageDatas.h */,
				CC61802E188A86A500370F27 /* PageDatas.m */,
				CC618036188A8ACE00370F27 /* IParse.h */,
				CC4E803B188AA1210091FAD6 /* HTTPClient.h */,
				CC4E803C188AA1210091FAD6 /* HTTPClient.m */,
				CC8A35B0188CC99A005CBB37 /* NSString+JSON.h */,
				CC8A35B1188CC99A005CBB37 /* NSString+JSON.m */,
			);
			path = Helper;
			sourceTree = "<group>";
		};
		CC617FE4188A775200370F27 /* AFNetworking */ = {
			isa = PBXGroup;
			children = (
				CC617FE5188A775200370F27 /* AFHTTPClient.h */,
				CC617FE6188A775200370F27 /* AFHTTPClient.m */,
				CC617FE7188A775200370F27 /* AFHTTPRequestOperation.h */,
				CC617FE8188A775200370F27 /* AFHTTPRequestOperation.m */,
				CC617FE9188A775200370F27 /* AFImageRequestOperation.h */,
				CC617FEA188A775200370F27 /* AFImageRequestOperation.m */,
				CC617FEB188A775200370F27 /* AFJSONRequestOperation.h */,
				CC617FEC188A775200370F27 /* AFJSONRequestOperation.m */,
				CC617FED188A775200370F27 /* AFNetworkActivityIndicatorManager.h */,
				CC617FEE188A775200370F27 /* AFNetworkActivityIndicatorManager.m */,
				CC617FEF188A775200370F27 /* AFNetworking.h */,
				CC617FF0188A775200370F27 /* AFPropertyListRequestOperation.h */,
				CC617FF1188A775200370F27 /* AFPropertyListRequestOperation.m */,
				CC617FF2188A775200370F27 /* AFURLConnectionOperation.h */,
				CC617FF3188A775200370F27 /* AFURLConnectionOperation.m */,
				CC617FF4188A775200370F27 /* AFXMLRequestOperation.h */,
				CC617FF5188A775200370F27 /* AFXMLRequestOperation.m */,
				CC617FF6188A775200370F27 /* UIImageView+AFNetworking.h */,
				CC617FF7188A775200370F27 /* UIImageView+AFNetworking.m */,
			);
			path = AFNetworking;
			sourceTree = "<group>";
		};
		CC61800A188A7CFF00370F27 /* SDWebImage */ = {
			isa = PBXGroup;
			children = (
				CC61800B188A7CFF00370F27 /* MKAnnotationView+WebCache.h */,
				CC61800C188A7CFF00370F27 /* MKAnnotationView+WebCache.m */,
				CC61800D188A7CFF00370F27 /* SDImageCache.h */,
				CC61800E188A7CFF00370F27 /* SDImageCache.m */,
				CC61800F188A7CFF00370F27 /* SDImageCacheDelegate.h */,
				CC618010188A7CFF00370F27 /* SDWebImageCompat.h */,
				CC618011188A7CFF00370F27 /* SDWebImageDecoder.h */,
				CC618012188A7CFF00370F27 /* SDWebImageDecoder.m */,
				CC618013188A7CFF00370F27 /* SDWebImageDownloader.h */,
				CC618014188A7CFF00370F27 /* SDWebImageDownloader.m */,
				CC618015188A7CFF00370F27 /* SDWebImageDownloaderDelegate.h */,
				CC618016188A7CFF00370F27 /* SDWebImageManager.h */,
				CC618017188A7CFF00370F27 /* SDWebImageManager.m */,
				CC618018188A7CFF00370F27 /* SDWebImageManagerDelegate.h */,
				CC618019188A7CFF00370F27 /* SDWebImagePrefetcher.h */,
				CC61801A188A7CFF00370F27 /* SDWebImagePrefetcher.m */,
				CC61801B188A7CFF00370F27 /* UIButton+WebCache.h */,
				CC61801C188A7CFF00370F27 /* UIButton+WebCache.m */,
				CC61801D188A7CFF00370F27 /* UIImageView+WebCache.h */,
				CC61801E188A7CFF00370F27 /* UIImageView+WebCache.m */,
			);
			path = SDWebImage;
			sourceTree = "<group>";
		};
		CC750CC1188AE605004E1641 /* MBProgress */ = {
			isa = PBXGroup;
			children = (
				CC750CC2188AE605004E1641 /* MBProgressHUD.h */,
				CC750CC3188AE605004E1641 /* MBProgressHUD.m */,
			);
			path = MBProgress;
			sourceTree = "<group>";
		};
		CC750CC5188AE893004E1641 /* Reachability */ = {
			isa = PBXGroup;
			children = (
				CC750CC6188AE893004E1641 /* Reachability.h */,
				CC750CC7188AE893004E1641 /* Reachability.m */,
			);
			path = Reachability;
			sourceTree = "<group>";
		};
		CC750CC8188AE893004E1641 /* SVPullRresh */ = {
			isa = PBXGroup;
			children = (
				CC750CC9188AE893004E1641 /* SVPullToRefresh.h */,
				CC750CCA188AE893004E1641 /* UIScrollView+SVInfiniteScrolling.h */,
				CC750CCB188AE893004E1641 /* UIScrollView+SVInfiniteScrolling.m */,
				CC750CCC188AE893004E1641 /* UIScrollView+SVPullToRefresh.h */,
				CC750CCD188AE893004E1641 /* UIScrollView+SVPullToRefresh.m */,
			);
			path = SVPullRresh;
			sourceTree = "<group>";
		};
		CC8A35B6188CCCBF005CBB37 /* JSONKit */ = {
			isa = PBXGroup;
			children = (
				CC8A35B7188CCCBF005CBB37 /* JSONKit.h */,
				CC8A35B8188CCCBF005CBB37 /* JSONKit.m */,
			);
			path = JSONKit;
			sourceTree = "<group>";
		};
		CC8A35BA188CFDEB005CBB37 /* StylePageControl */ = {
			isa = PBXGroup;
			children = (
				CC8A35BB188CFDEB005CBB37 /* StyledPageControl.h */,
				CC8A35BC188CFDEB005CBB37 /* StyledPageControl.m */,
			);
			path = StylePageControl;
			sourceTree = "<group>";
		};
		CCBF26CE188C1D39008D332F /* ALMoviePlayerController */ = {
			isa = PBXGroup;
			children = (
				CCBF26CF188C1D39008D332F /* ALAirplayView.h */,
				CCBF26D0188C1D39008D332F /* ALAirplayView.m */,
				CCBF26D1188C1D39008D332F /* ALButton.h */,
				CCBF26D2188C1D39008D332F /* ALButton.m */,
				CCBF26D3188C1D39008D332F /* ALMoviePlayerController.h */,
				CCBF26D4188C1D39008D332F /* ALMoviePlayerController.m */,
				CCBF26D5188C1D39008D332F /* ALMoviePlayerControls.h */,
				CCBF26D6188C1D39008D332F /* ALMoviePlayerControls.m */,
				CCBF26D7188C1D39008D332F /* Images */,
			);
			path = ALMoviePlayerController;
			sourceTree = "<group>";
		};
		CCBF26D7188C1D39008D332F /* Images */ = {
			isa = PBXGroup;
			children = (
				CCBF26D8188C1D39008D332F /* movieBackward.png */,
				CCBF26D9188C1D3A008D332F /* movieBackward@2x.png */,
				CCBF26DA188C1D3A008D332F /* movieBackwardSelected.png */,
				CCBF26DB188C1D3A008D332F /* movieBackwardSelected@2x.png */,
				CCBF26DC188C1D3A008D332F /* movieEndFullscreen.png */,
				CCBF26DD188C1D3A008D332F /* movieEndFullscreen@2x.png */,
				CCBF26DE188C1D3A008D332F /* movieForward.png */,
				CCBF26DF188C1D3A008D332F /* movieForward@2x.png */,
				CCBF26E0188C1D3A008D332F /* movieForwardSelected.png */,
				CCBF26E1188C1D3A008D332F /* movieForwardSelected@2x.png */,
				CCBF26E2188C1D3A008D332F /* movieFullscreen.png */,
				CCBF26E3188C1D3A008D332F /* movieFullscreen@2x.png */,
				CCBF26E4188C1D3A008D332F /* moviePause.png */,
				CCBF26E5188C1D3A008D332F /* moviePause@2x.png */,
				CCBF26E6188C1D3A008D332F /* moviePlay.png */,
				CCBF26E7188C1D3A008D332F /* moviePlay@2x.png */,
			);
			path = Images;
			sourceTree = "<group>";
		};
/* End PBXGroup section */

/* Begin PBXNativeTarget section */
		CC617FA5188A739100370F27 /* News */ = {
			isa = PBXNativeTarget;
			buildConfigurationList = CC617FD8188A739200370F27 /* Build configuration list for PBXNativeTarget "News" */;
			buildPhases = (
				CC617FA2188A739100370F27 /* Sources */,
				CC617FA3188A739100370F27 /* Frameworks */,
				CC617FA4188A739100370F27 /* Resources */,
			);
			buildRules = (
			);
			dependencies = (
			);
			name = News;
			productName = News;
			productReference = CC617FA6188A739100370F27 /* News.app */;
			productType = "com.apple.product-type.application";
		};
		CC617FC6188A739200370F27 /* NewsTests */ = {
			isa = PBXNativeTarget;
			buildConfigurationList = CC617FDB188A739200370F27 /* Build configuration list for PBXNativeTarget "NewsTests" */;
			buildPhases = (
				CC617FC3188A739200370F27 /* Sources */,
				CC617FC4188A739200370F27 /* Frameworks */,
				CC617FC5188A739200370F27 /* Resources */,
			);
			buildRules = (
			);
			dependencies = (
				CC617FCD188A739200370F27 /* PBXTargetDependency */,
			);
			name = NewsTests;
			productName = NewsTests;
			productReference = CC617FC7188A739200370F27 /* NewsTests.xctest */;
			productType = "com.apple.product-type.bundle.unit-test";
		};
/* End PBXNativeTarget section */

/* Begin PBXProject section */
		CC617F9E188A739100370F27 /* Project object */ = {
			isa = PBXProject;
			attributes = {
				LastUpgradeCheck = 0500;
				ORGANIZATIONNAME = maruiduan;
				TargetAttributes = {
					CC617FC6188A739200370F27 = {
						TestTargetID = CC617FA5188A739100370F27;
					};
				};
			};
			buildConfigurationList = CC617FA1188A739100370F27 /* Build configuration list for PBXProject "News" */;
			compatibilityVersion = "Xcode 3.2";
			developmentRegion = English;
			hasScannedForEncodings = 0;
			knownRegions = (
				en,
				Base,
			);
			mainGroup = CC617F9D188A739100370F27;
			productRefGroup = CC617FA7188A739100370F27 /* Products */;
			projectDirPath = "";
			projectRoot = "";
			targets = (
				CC617FA5188A739100370F27 /* News */,
				CC617FC6188A739200370F27 /* NewsTests */,
			);
		};
/* End PBXProject section */

/* Begin PBXResourcesBuildPhase section */
		CC617FA4188A739100370F27 /* Resources */ = {
			isa = PBXResourcesBuildPhase;
			buildActionMask = 2147483647;
			files = (
				CCBF26ED188C1D3A008D332F /* movieBackward@2x.png in Resources */,
				CC617FC2188A739200370F27 /* Images.xcassets in Resources */,
				CCBF26EF188C1D3A008D332F /* movieBackwardSelected@2x.png in Resources */,
				CCBF26F3188C1D3A008D332F /* movieForward@2x.png in Resources */,
				CCBF26F1188C1D3A008D332F /* movieEndFullscreen@2x.png in Resources */,
				CCBF26F4188C1D3A008D332F /* movieForwardSelected.png in Resources */,
				CCBF26F2188C1D3A008D332F /* movieForward.png in Resources */,
				CCBF26FB188C1D3A008D332F /* moviePlay@2x.png in Resources */,
				CCBF26F9188C1D3A008D332F /* moviePause@2x.png in Resources */,
				CCBF26F0188C1D3A008D332F /* movieEndFullscreen.png in Resources */,
				CC617FB4188A739200370F27 /* InfoPlist.strings in Resources */,
				CCBF26FA188C1D3A008D332F /* moviePlay.png in Resources */,
				CCBF26F5188C1D3A008D332F /* movieForwardSelected@2x.png in Resources */,
				CC617FBD188A739200370F27 /* Main.storyboard in Resources */,
				CCBF26F7188C1D3A008D332F /* movieFullscreen@2x.png in Resources */,
				CCBF26F6188C1D3A008D332F /* movieFullscreen.png in Resources */,
				CCBF26EE188C1D3A008D332F /* movieBackwardSelected.png in Resources */,
				CCBF26EC188C1D3A008D332F /* movieBackward.png in Resources */,
				CCBF26F8188C1D3A008D332F /* moviePause.png in Resources */,
			);
			runOnlyForDeploymentPostprocessing = 0;
		};
		CC617FC5188A739200370F27 /* Resources */ = {
			isa = PBXResourcesBuildPhase;
			buildActionMask = 2147483647;
			files = (
				CC617FD3188A739200370F27 /* InfoPlist.strings in Resources */,
			);
			runOnlyForDeploymentPostprocessing = 0;
		};
/* End PBXResourcesBuildPhase section */

/* Begin PBXSourcesBuildPhase section */
		CC617FA2188A739100370F27 /* Sources */ = {
			isa = PBXSourcesBuildPhase;
			buildActionMask = 2147483647;
			files = (
				CC750CCE188AE893004E1641 /* Reachability.m in Sources */,
				CCBF26EB188C1D3A008D332F /* ALMoviePlayerControls.m in Sources */,
				CC8A35B9188CCCBF005CBB37 /* JSONKit.m in Sources */,
				CC617FFA188A775200370F27 /* AFImageRequestOperation.m in Sources */,
				CC617FC0188A739200370F27 /* ViewController.m in Sources */,
				CC4E803D188AA1210091FAD6 /* HTTPClient.m in Sources */,
				CC618026188A7CFF00370F27 /* UIImageView+WebCache.m in Sources */,
				CC617FFD188A775200370F27 /* AFPropertyListRequestOperation.m in Sources */,
				CC618023188A7CFF00370F27 /* SDWebImageManager.m in Sources */,
				CC617FBA188A739200370F27 /* AppDelegate.m in Sources */,
				CC61802F188A86A500370F27 /* PageDatas.m in Sources */,
				CC617FFE188A775200370F27 /* AFURLConnectionOperation.m in Sources */,
				CCBF2702188C1FB6008D332F /* VideoController.m in Sources */,
				CC617FFF188A775200370F27 /* AFXMLRequestOperation.m in Sources */,
				CC750CCF188AE893004E1641 /* UIScrollView+SVInfiniteScrolling.m in Sources */,
				CC617FFB188A775200370F27 /* AFJSONRequestOperation.m in Sources */,
				CC618021188A7CFF00370F27 /* SDWebImageDecoder.m in Sources */,
				CC618024188A7CFF00370F27 /* SDWebImagePrefetcher.m in Sources */,
				CC618022188A7CFF00370F27 /* SDWebImageDownloader.m in Sources */,
				CC618029188A7F2E00370F27 /* New.m in Sources */,
				CC8A35BD188CFDEB005CBB37 /* StyledPageControl.m in Sources */,
				CC618000188A775200370F27 /* UIImageView+AFNetworking.m in Sources */,
				CCBF26EA188C1D3A008D332F /* ALMoviePlayerController.m in Sources */,
				CCBF26E9188C1D3A008D332F /* ALButton.m in Sources */,
				CC618025188A7CFF00370F27 /* UIButton+WebCache.m in Sources */,
				CC9BF0CD188C0B9C005C444A /* NewDetailController.m in Sources */,
				CCBF26E8188C1D3A008D332F /* ALAirplayView.m in Sources */,
				CC750CC4188AE605004E1641 /* MBProgressHUD.m in Sources */,
				CC617FFC188A775200370F27 /* AFNetworkActivityIndicatorManager.m in Sources */,
				CC617FF9188A775200370F27 /* AFHTTPRequestOperation.m in Sources */,
				CC4E8040188AA70B0091FAD6 /* NewTableCell.m in Sources */,
				CC61801F188A7CFF00370F27 /* MKAnnotationView+WebCache.m in Sources */,
				CC8A35B2188CC99A005CBB37 /* NSString+JSON.m in Sources */,
				CC750CD0188AE893004E1641 /* UIScrollView+SVPullToRefresh.m in Sources */,
				CC617FB6188A739200370F27 /* main.m in Sources */,
				CC617FF8188A775200370F27 /* AFHTTPClient.m in Sources */,
				CC618020188A7CFF00370F27 /* SDImageCache.m in Sources */,
			);
			runOnlyForDeploymentPostprocessing = 0;
		};
		CC617FC3188A739200370F27 /* Sources */ = {
			isa = PBXSourcesBuildPhase;
			buildActionMask = 2147483647;
			files = (
				CC617FD5188A739200370F27 /* NewsTests.m in Sources */,
			);
			runOnlyForDeploymentPostprocessing = 0;
		};
/* End PBXSourcesBuildPhase section */

/* Begin PBXTargetDependency section */
		CC617FCD188A739200370F27 /* PBXTargetDependency */ = {
			isa = PBXTargetDependency;
			target = CC617FA5188A739100370F27 /* News */;
			targetProxy = CC617FCC188A739200370F27 /* PBXContainerItemProxy */;
		};
/* End PBXTargetDependency section */

/* Begin PBXVariantGroup section */
		CC617FB2188A739200370F27 /* InfoPlist.strings */ = {
			isa = PBXVariantGroup;
			children = (
				CC617FB3188A739200370F27 /* en */,
			);
			name = InfoPlist.strings;
			sourceTree = "<group>";
		};
		CC617FBB188A739200370F27 /* Main.storyboard */ = {
			isa = PBXVariantGroup;
			children = (
				CC617FBC188A739200370F27 /* Base */,
			);
			name = Main.storyboard;
			sourceTree = "<group>";
		};
		CC617FD1188A739200370F27 /* InfoPlist.strings */ = {
			isa = PBXVariantGroup;
			children = (
				CC617FD2188A739200370F27 /* en */,
			);
			name = InfoPlist.strings;
			sourceTree = "<group>";
		};
/* End PBXVariantGroup section */

/* Begin XCBuildConfiguration section */
		CC617FD6188A739200370F27 /* Debug */ = {
			isa = XCBuildConfiguration;
			buildSettings = {
				ALWAYS_SEARCH_USER_PATHS = NO;
				ARCHS = "$(ARCHS_STANDARD_INCLUDING_64_BIT)";
				CLANG_CXX_LANGUAGE_STANDARD = "gnu++0x";
				CLANG_CXX_LIBRARY = "libc++";
				CLANG_ENABLE_MODULES = YES;
				CLANG_ENABLE_OBJC_ARC = YES;
				CLANG_WARN_BOOL_CONVERSION = YES;
				CLANG_WARN_CONSTANT_CONVERSION = YES;
				CLANG_WARN_DIRECT_OBJC_ISA_USAGE = YES_ERROR;
				CLANG_WARN_EMPTY_BODY = YES;
				CLANG_WARN_ENUM_CONVERSION = YES;
				CLANG_WARN_INT_CONVERSION = YES;
				CLANG_WARN_OBJC_ROOT_CLASS = YES_ERROR;
				CLANG_WARN__DUPLICATE_METHOD_MATCH = YES;
				"CODE_SIGN_IDENTITY[sdk=iphoneos*]" = "iPhone Developer";
				COPY_PHASE_STRIP = NO;
				GCC_C_LANGUAGE_STANDARD = gnu99;
				GCC_DYNAMIC_NO_PIC = NO;
				GCC_OPTIMIZATION_LEVEL = 0;
				GCC_PREPROCESSOR_DEFINITIONS = (
					"DEBUG=1",
					"$(inherited)",
				);
				GCC_SYMBOLS_PRIVATE_EXTERN = NO;
				GCC_WARN_64_TO_32_BIT_CONVERSION = YES;
				GCC_WARN_ABOUT_RETURN_TYPE = YES_ERROR;
				GCC_WARN_UNDECLARED_SELECTOR = YES;
				GCC_WARN_UNINITIALIZED_AUTOS = YES;
				GCC_WARN_UNUSED_FUNCTION = YES;
				GCC_WARN_UNUSED_VARIABLE = YES;
				IPHONEOS_DEPLOYMENT_TARGET = 6.0;
				ONLY_ACTIVE_ARCH = YES;
				SDKROOT = iphoneos;
			};
			name = Debug;
		};
		CC617FD7188A739200370F27 /* Release */ = {
			isa = XCBuildConfiguration;
			buildSettings = {
				ALWAYS_SEARCH_USER_PATHS = NO;
				ARCHS = "$(ARCHS_STANDARD_INCLUDING_64_BIT)";
				CLANG_CXX_LANGUAGE_STANDARD = "gnu++0x";
				CLANG_CXX_LIBRARY = "libc++";
				CLANG_ENABLE_MODULES = YES;
				CLANG_ENABLE_OBJC_ARC = YES;
				CLANG_WARN_BOOL_CONVERSION = YES;
				CLANG_WARN_CONSTANT_CONVERSION = YES;
				CLANG_WARN_DIRECT_OBJC_ISA_USAGE = YES_ERROR;
				CLANG_WARN_EMPTY_BODY = YES;
				CLANG_WARN_ENUM_CONVERSION = YES;
				CLANG_WARN_INT_CONVERSION = YES;
				CLANG_WARN_OBJC_ROOT_CLASS = YES_ERROR;
				CLANG_WARN__DUPLICATE_METHOD_MATCH = YES;
				"CODE_SIGN_IDENTITY[sdk=iphoneos*]" = "iPhone Developer";
				COPY_PHASE_STRIP = YES;
				ENABLE_NS_ASSERTIONS = NO;
				GCC_C_LANGUAGE_STANDARD = gnu99;
				GCC_WARN_64_TO_32_BIT_CONVERSION = YES;
				GCC_WARN_ABOUT_RETURN_TYPE = YES_ERROR;
				GCC_WARN_UNDECLARED_SELECTOR = YES;
				GCC_WARN_UNINITIALIZED_AUTOS = YES;
				GCC_WARN_UNUSED_FUNCTION = YES;
				GCC_WARN_UNUSED_VARIABLE = YES;
				IPHONEOS_DEPLOYMENT_TARGET = 6.0;
				SDKROOT = iphoneos;
				VALIDATE_PRODUCT = YES;
			};
			name = Release;
		};
		CC617FD9188A739200370F27 /* Debug */ = {
			isa = XCBuildConfiguration;
			buildSettings = {
				ASSETCATALOG_COMPILER_APPICON_NAME = AppIcon;
				ASSETCATALOG_COMPILER_LAUNCHIMAGE_NAME = LaunchImage;
				GCC_PRECOMPILE_PREFIX_HEADER = YES;
				GCC_PREFIX_HEADER = "News/News-Prefix.pch";
				INFOPLIST_FILE = "News/News-Info.plist";
				PRODUCT_NAME = "$(TARGET_NAME)";
				WRAPPER_EXTENSION = app;
			};
			name = Debug;
		};
		CC617FDA188A739200370F27 /* Release */ = {
			isa = XCBuildConfiguration;
			buildSettings = {
				ASSETCATALOG_COMPILER_APPICON_NAME = AppIcon;
				ASSETCATALOG_COMPILER_LAUNCHIMAGE_NAME = LaunchImage;
				GCC_PRECOMPILE_PREFIX_HEADER = YES;
				GCC_PREFIX_HEADER = "News/News-Prefix.pch";
				INFOPLIST_FILE = "News/News-Info.plist";
				PRODUCT_NAME = "$(TARGET_NAME)";
				WRAPPER_EXTENSION = app;
			};
			name = Release;
		};
		CC617FDC188A739200370F27 /* Debug */ = {
			isa = XCBuildConfiguration;
			buildSettings = {
				ARCHS = "$(ARCHS_STANDARD_INCLUDING_64_BIT)";
				BUNDLE_LOADER = "$(BUILT_PRODUCTS_DIR)/News.app/News";
				FRAMEWORK_SEARCH_PATHS = (
					"$(SDKROOT)/Developer/Library/Frameworks",
					"$(inherited)",
					"$(DEVELOPER_FRAMEWORKS_DIR)",
				);
				GCC_PRECOMPILE_PREFIX_HEADER = YES;
				GCC_PREFIX_HEADER = "News/News-Prefix.pch";
				GCC_PREPROCESSOR_DEFINITIONS = (
					"DEBUG=1",
					"$(inherited)",
				);
				INFOPLIST_FILE = "NewsTests/NewsTests-Info.plist";
				PRODUCT_NAME = "$(TARGET_NAME)";
				TEST_HOST = "$(BUNDLE_LOADER)";
				WRAPPER_EXTENSION = xctest;
			};
			name = Debug;
		};
		CC617FDD188A739200370F27 /* Release */ = {
			isa = XCBuildConfiguration;
			buildSettings = {
				ARCHS = "$(ARCHS_STANDARD_INCLUDING_64_BIT)";
				BUNDLE_LOADER = "$(BUILT_PRODUCTS_DIR)/News.app/News";
				FRAMEWORK_SEARCH_PATHS = (
					"$(SDKROOT)/Developer/Library/Frameworks",
					"$(inherited)",
					"$(DEVELOPER_FRAMEWORKS_DIR)",
				);
				GCC_PRECOMPILE_PREFIX_HEADER = YES;
				GCC_PREFIX_HEADER = "News/News-Prefix.pch";
				INFOPLIST_FILE = "NewsTests/NewsTests-Info.plist";
				PRODUCT_NAME = "$(TARGET_NAME)";
				TEST_HOST = "$(BUNDLE_LOADER)";
				WRAPPER_EXTENSION = xctest;
			};
			name = Release;
		};
/* End XCBuildConfiguration section */

/* Begin XCConfigurationList section */
		CC617FA1188A739100370F27 /* Build configuration list for PBXProject "News" */ = {
			isa = XCConfigurationList;
			buildConfigurations = (
				CC617FD6188A739200370F27 /* Debug */,
				CC617FD7188A739200370F27 /* Release */,
			);
			defaultConfigurationIsVisible = 0;
			defaultConfigurationName = Release;
		};
		CC617FD8188A739200370F27 /* Build configuration list for PBXNativeTarget "News" */ = {
			isa = XCConfigurationList;
			buildConfigurations = (
				CC617FD9188A739200370F27 /* Debug */,
				CC617FDA188A739200370F27 /* Release */,
			);
			defaultConfigurationIsVisible = 0;
			defaultConfigurationName = Release;
		};
		CC617FDB188A739200370F27 /* Build configuration list for PBXNativeTarget "NewsTests" */ = {
			isa = XCConfigurationList;
			buildConfigurations = (
				CC617FDC188A739200370F27 /* Debug */,
				CC617FDD188A739200370F27 /* Release */,
			);
			defaultConfigurationIsVisible = 0;
			defaultConfigurationName = Release;
		};
/* End XCConfigurationList section */
	};
	rootObject = CC617F9E188A739100370F27 /* Project object */;
}
